
Microsoft Visual Studio Solution File, Format Version 12.00
# Visual Studio Version 17
VisualStudioVersion = 17.7.34202.233
MinimumVisualStudioVersion = 10.0.40219.1
Project("{FAE04EC0-301F-11D3-BF4B-00C04F79EFBC}") = "PetAdopt", "PetAdopt.csproj", "{BBCF55BC-1F5B-4519-8EEF-F006D1AD3936}"
EndProject
Global
	GlobalSection(SolutionConfigurationPlatforms) = preSolution
		Debug|Any CPU = Debug|Any CPU
		Release|Any CPU = Release|Any CPU
	EndGlobalSection
	GlobalSection(ProjectConfigurationPlatforms) = postSolution
		{BBCF55BC-1F5B-4519-8EEF-F006D1AD3936}.Debug|Any CPU.ActiveCfg = Debug|Any CPU
		{BBCF55BC-1F5B-4519-8EEF-F006D1AD3936}.Debug|Any CPU.Build.0 = Debug|Any CPU
		{BBCF55BC-1F5B-4519-8EEF-F006D1AD3936}.Release|Any CPU.ActiveCfg = Release|Any CPU
		{BBCF55BC-1F5B-4519-8EEF-F006D1AD3936}.Release|Any CPU.Build.0 = Release|Any CPU
	EndGlobalSection
	GlobalSection(SolutionProperties) = preSolution
		HideSolutionNode = FALSE
	EndGlobalSection
	GlobalSection(ExtensibilityGlobals) = postSolution
		SolutionGuid = {00AF0AF4-E290-4FC6-A3F2-E92A9DB1968B}
	EndGlobalSection
EndGlobal
